<?xml version="1.0" encoding="utf-8"?>
<Project ToolsVersion="4.0" xmlns="http://schemas.microsoft.com/developer/msbuild/2003">
  <ItemGroup>
    <Filter Include="include">
      <UniqueIdentifier>{93995380-89BD-4b04-88EB-625FBE52EBFB}</UniqueIdentifier>
      <Extensions>h;hh;hpp;hxx;h++;hm;inl;inc;ipp;xsd</Extensions>
    </Filter>
    <Filter Include="src">
      <UniqueIdentifier>{4FC737F1-C7A5-4376-A066-2A32D752A2FF}</UniqueIdentifier>
      <Extensions>cpp;c;cc;cxx;c++;cppm;ixx;def;odl;idl;hpj;bat;asm;asmx</Extensions>
    </Filter>
    <Filter Include="res">
      <UniqueIdentifier>{67DA6AB6-F800-4c08-8B7A-83BB121AAD01}</UniqueIdentifier>
      <Extensions>rc;ico;cur;bmp;dlg;rc2;rct;bin;rgs;gif;jpg;jpeg;jpe;resx;tiff;tif;png;wav;mfcribbon-ms</Extensions>
    </Filter>
    <Filter Include="res\images">
      <UniqueIdentifier>{5a1ae242-511f-4531-9cc8-a6962883e62e}</UniqueIdentifier>
    </Filter>
    <Filter Include="res\images\poker">
      <UniqueIdentifier>{a0fda680-f926-4c28-9d8c-f3d14d2e8925}</UniqueIdentifier>
    </Filter>
    <Filter Include="include\Player">
      <UniqueIdentifier>{75af6ad5-a645-4b17-b2a4-e5280543c1e7}</UniqueIdentifier>
    </Filter>
    <Filter Include="include\Manager">
      <UniqueIdentifier>{96dcd788-4e32-416b-a789-8337d07396f8}</UniqueIdentifier>
    </Filter>
    <Filter Include="src\Manager">
      <UniqueIdentifier>{a8356ff4-52c3-45a5-abb0-9a3fbab436d7}</UniqueIdentifier>
    </Filter>
    <Filter Include="src\Player">
      <UniqueIdentifier>{f1a4b6ab-cfc6-4ca0-a377-98c053528e35}</UniqueIdentifier>
    </Filter>
    <Filter Include="include\Poker">
      <UniqueIdentifier>{a3dc8f2b-a1a2-4754-8a50-6adcb5800328}</UniqueIdentifier>
    </Filter>
    <Filter Include="include\Render">
      <UniqueIdentifier>{db055f88-7543-4c34-9ed0-9c37f9b9cf74}</UniqueIdentifier>
    </Filter>
    <Filter Include="src\Render">
      <UniqueIdentifier>{35ab5a50-edd1-4a5c-9c9c-d1c7aa8e664e}</UniqueIdentifier>
    </Filter>
    <Filter Include="src\Poker">
      <UniqueIdentifier>{5086a89c-17bf-40d0-b406-258c035f4b3b}</UniqueIdentifier>
    </Filter>
    <Filter Include="include\Logger">
      <UniqueIdentifier>{b1b0e714-88ba-4fc2-a92f-ee99225fa9d5}</UniqueIdentifier>
    </Filter>
    <Filter Include="src\Logger">
      <UniqueIdentifier>{73280cec-ce87-4da6-9e53-517703ea04b8}</UniqueIdentifier>
    </Filter>
  </ItemGroup>
  <ItemGroup>
    <ClCompile Include="App.cpp">
      <Filter>src</Filter>
    </ClCompile>
    <ClCompile Include="BidManager.cpp">
      <Filter>src\Manager</Filter>
    </ClCompile>
    <ClCompile Include="PlayManager.cpp">
      <Filter>src\Manager</Filter>
    </ClCompile>
    <ClCompile Include="GameManager.cpp">
      <Filter>src\Manager</Filter>
    </ClCompile>
    <ClCompile Include="AIPlayer.cpp">
      <Filter>src\Player</Filter>
    </ClCompile>
    <ClCompile Include="HumanPlayer.cpp">
      <Filter>src\Player</Filter>
    </ClCompile>
    <ClCompile Include="BasePlayer.cpp">
      <Filter>src\Player</Filter>
    </ClCompile>
    <ClCompile Include="Poker.cpp">
      <Filter>src\Poker</Filter>
    </ClCompile>
    <ClCompile Include="PokerUtil.cpp">
      <Filter>src\Poker</Filter>
    </ClCompile>
    <ClCompile Include="Render.cpp">
      <Filter>src\Render</Filter>
    </ClCompile>
    <ClCompile Include="GameState.cpp">
      <Filter>src\Manager</Filter>
    </ClCompile>
    <ClCompile Include="InputManager.cpp">
      <Filter>src\Manager</Filter>
    </ClCompile>
    <ClCompile Include="PokerTypeUtil.cpp">
      <Filter>src\Poker</Filter>
    </ClCompile>
    <ClCompile Include="Logger.cpp">
      <Filter>src\Logger</Filter>
    </ClCompile>
  </ItemGroup>
  <ItemGroup>
    <ClInclude Include="AIPlayer.h">
      <Filter>include\Player</Filter>
    </ClInclude>
    <ClInclude Include="HumanPlayer.h">
      <Filter>include\Player</Filter>
    </ClInclude>
    <ClInclude Include="BasePlayer.h">
      <Filter>include\Player</Filter>
    </ClInclude>
    <ClInclude Include="BidManager.h">
      <Filter>include\Manager</Filter>
    </ClInclude>
    <ClInclude Include="GameManager.h">
      <Filter>include\Manager</Filter>
    </ClInclude>
    <ClInclude Include="PlayManager.h">
      <Filter>include\Manager</Filter>
    </ClInclude>
    <ClInclude Include="Poker.h">
      <Filter>include\Poker</Filter>
    </ClInclude>
    <ClInclude Include="PokerUtil.h">
      <Filter>include\Poker</Filter>
    </ClInclude>
    <ClInclude Include="Render.h">
      <Filter>include\Render</Filter>
    </ClInclude>
    <ClInclude Include="Constants.h">
      <Filter>include\Render</Filter>
    </ClInclude>
    <ClInclude Include="GameState.h">
      <Filter>include\Manager</Filter>
    </ClInclude>
    <ClInclude Include="InputManager.h">
      <Filter>include\Manager</Filter>
    </ClInclude>
    <ClInclude Include="PokerType.h">
      <Filter>include\Poker</Filter>
    </ClInclude>
    <ClInclude Include="PokerTypeUtil.h">
      <Filter>include\Poker</Filter>
    </ClInclude>
    <ClInclude Include="IPlayer.h">
      <Filter>include\Player</Filter>
    </ClInclude>
    <ClInclude Include="Logger.h">
      <Filter>include\Logger</Filter>
    </ClInclude>
  </ItemGroup>
  <ItemGroup>
    <Image Include="img\landlord.png">
      <Filter>res\images</Filter>
    </Image>
    <Image Include="img\poker\1-1.png">
      <Filter>res\images\poker</Filter>
    </Image>
    <Image Include="img\poker\1-2.png">
      <Filter>res\images\poker</Filter>
    </Image>
    <Image Include="img\poker\1-3.png">
      <Filter>res\images\poker</Filter>
    </Image>
    <Image Include="img\poker\1-4.png">
      <Filter>res\images\poker</Filter>
    </Image>
    <Image Include="img\poker\1-5.png">
      <Filter>res\images\poker</Filter>
    </Image>
    <Image Include="img\poker\1-6.png">
      <Filter>res\images\poker</Filter>
    </Image>
    <Image Include="img\poker\1-7.png">
      <Filter>res\images\poker</Filter>
    </Image>
    <Image Include="img\poker\1-8.png">
      <Filter>res\images\poker</Filter>
    </Image>
    <Image Include="img\poker\1-9.png">
      <Filter>res\images\poker</Filter>
    </Image>
    <Image Include="img\poker\1-10.png">
      <Filter>res\images\poker</Filter>
    </Image>
    <Image Include="img\poker\1-11.png">
      <Filter>res\images\poker</Filter>
    </Image>
    <Image Include="img\poker\1-12.png">
      <Filter>res\images\poker</Filter>
    </Image>
    <Image Include="img\poker\1-13.png">
      <Filter>res\images\poker</Filter>
    </Image>
    <Image Include="img\poker\2-1.png">
      <Filter>res\images\poker</Filter>
    </Image>
    <Image Include="img\poker\2-2.png">
      <Filter>res\images\poker</Filter>
    </Image>
    <Image Include="img\poker\2-3.png">
      <Filter>res\images\poker</Filter>
    </Image>
    <Image Include="img\poker\2-4.png">
      <Filter>res\images\poker</Filter>
    </Image>
    <Image Include="img\poker\2-5.png">
      <Filter>res\images\poker</Filter>
    </Image>
    <Image Include="img\poker\2-6.png">
      <Filter>res\images\poker</Filter>
    </Image>
    <Image Include="img\poker\2-7.png">
      <Filter>res\images\poker</Filter>
    </Image>
    <Image Include="img\poker\2-8.png">
      <Filter>res\images\poker</Filter>
    </Image>
    <Image Include="img\poker\2-9.png">
      <Filter>res\images\poker</Filter>
    </Image>
    <Image Include="img\poker\2-10.png">
      <Filter>res\images\poker</Filter>
    </Image>
    <Image Include="img\poker\2-11.png">
      <Filter>res\images\poker</Filter>
    </Image>
    <Image Include="img\poker\2-12.png">
      <Filter>res\images\poker</Filter>
    </Image>
    <Image Include="img\poker\2-13.png">
      <Filter>res\images\poker</Filter>
    </Image>
    <Image Include="img\poker\3-1.png">
      <Filter>res\images\poker</Filter>
    </Image>
    <Image Include="img\poker\3-2.png">
      <Filter>res\images\poker</Filter>
    </Image>
    <Image Include="img\poker\3-3.png">
      <Filter>res\images\poker</Filter>
    </Image>
    <Image Include="img\poker\3-4.png">
      <Filter>res\images\poker</Filter>
    </Image>
    <Image Include="img\poker\3-5.png">
      <Filter>res\images\poker</Filter>
    </Image>
    <Image Include="img\poker\3-6.png">
      <Filter>res\images\poker</Filter>
    </Image>
    <Image Include="img\poker\3-7.png">
      <Filter>res\images\poker</Filter>
    </Image>
    <Image Include="img\poker\3-8.png">
      <Filter>res\images\poker</Filter>
    </Image>
    <Image Include="img\poker\3-9.png">
      <Filter>res\images\poker</Filter>
    </Image>
    <Image Include="img\poker\3-10.png">
      <Filter>res\images\poker</Filter>
    </Image>
    <Image Include="img\poker\3-11.png">
      <Filter>res\images\poker</Filter>
    </Image>
    <Image Include="img\poker\3-12.png">
      <Filter>res\images\poker</Filter>
    </Image>
    <Image Include="img\poker\3-13.png">
      <Filter>res\images\poker</Filter>
    </Image>
    <Image Include="img\poker\4-1.png">
      <Filter>res\images\poker</Filter>
    </Image>
    <Image Include="img\poker\4-2.png">
      <Filter>res\images\poker</Filter>
    </Image>
    <Image Include="img\poker\4-3.png">
      <Filter>res\images\poker</Filter>
    </Image>
    <Image Include="img\poker\4-4.png">
      <Filter>res\images\poker</Filter>
    </Image>
    <Image Include="img\poker\4-5.png">
      <Filter>res\images\poker</Filter>
    </Image>
    <Image Include="img\poker\4-6.png">
      <Filter>res\images\poker</Filter>
    </Image>
    <Image Include="img\poker\4-7.png">
      <Filter>res\images\poker</Filter>
    </Image>
    <Image Include="img\poker\4-8.png">
      <Filter>res\images\poker</Filter>
    </Image>
    <Image Include="img\poker\4-9.png">
      <Filter>res\images\poker</Filter>
    </Image>
    <Image Include="img\poker\4-10.png">
      <Filter>res\images\poker</Filter>
    </Image>
    <Image Include="img\poker\4-11.png">
      <Filter>res\images\poker</Filter>
    </Image>
    <Image Include="img\poker\4-12.png">
      <Filter>res\images\poker</Filter>
    </Image>
    <Image Include="img\poker\4-13.png">
      <Filter>res\images\poker</Filter>
    </Image>
    <Image Include="img\poker\5-1.png">
      <Filter>res\images\poker</Filter>
    </Image>
    <Image Include="img\poker\5-2.png">
      <Filter>res\images\poker</Filter>
    </Image>
    <Image Include="img\poker\rear.png">
      <Filter>res\images\poker</Filter>
    </Image>
  </ItemGroup>
</Project>